// !$*UTF8*$!
{
	archiveVersion = 1;
	classes = {
	};
	objectVersion = 46;
	objects = {

/* Begin PBXBuildFile section */
		6DD8E6381E6F8CA30005A046 /* AppDelegate.swift in Sources */ = {isa = PBXBuildFile; fileRef = 6DD8E6371E6F8CA30005A046 /* AppDelegate.swift */; };
		6DD8E63A1E6F8CA30005A046 /* ViewController.swift in Sources */ = {isa = PBXBuildFile; fileRef = 6DD8E6391E6F8CA30005A046 /* ViewController.swift */; };
		6DD8E63D1E6F8CA30005A046 /* Main.storyboard in Resources */ = {isa = PBXBuildFile; fileRef = 6DD8E63B1E6F8CA30005A046 /* Main.storyboard */; };
		6DD8E6401E6F8CA30005A046 /* NewLogin.xcdatamodeld in Sources */ = {isa = PBXBuildFile; fileRef = 6DD8E63E1E6F8CA30005A046 /* NewLogin.xcdatamodeld */; };
		6DD8E6421E6F8CA30005A046 /* Assets.xcassets in Resources */ = {isa = PBXBuildFile; fileRef = 6DD8E6411E6F8CA30005A046 /* Assets.xcassets */; };
		6DD8E6451E6F8CA30005A046 /* LaunchScreen.storyboard in Resources */ = {isa = PBXBuildFile; fileRef = 6DD8E6431E6F8CA30005A046 /* LaunchScreen.storyboard */; };
		6DD8E64D1E6F8DE70005A046 /* GoogleService-Info.plist in Resources */ = {isa = PBXBuildFile; fileRef = 6DD8E64C1E6F8DE70005A046 /* GoogleService-Info.plist */; };
		6DD8E64F1E7056B60005A046 /* NextScreen.swift in Sources */ = {isa = PBXBuildFile; fileRef = 6DD8E64E1E7056B60005A046 /* NextScreen.swift */; };
		7C044DBC6828FFF8994801FE /* Pods_NewLogin.framework in Frameworks */ = {isa = PBXBuildFile; fileRef = 746735BA056CB9ED135E7114 /* Pods_NewLogin.framework */; };
/* End PBXBuildFile section */

/* Begin PBXFileReference section */
		34E2C26DCA2B37ED4DDBCE8E /* Pods-NewLogin.release.xcconfig */ = {isa = PBXFileReference; includeInIndex = 1; lastKnownFileType = text.xcconfig; name = "Pods-NewLogin.release.xcconfig"; path = "Pods/Target Support Files/Pods-NewLogin/Pods-NewLogin.release.xcconfig"; sourceTree = "<group>"; };
		6D5A2C531E73410B002FBE27 /* NewLogin.entitlements */ = {isa = PBXFileReference; lastKnownFileType = text.plist.entitlements; path = NewLogin.entitlements; sourceTree = "<group>"; };
		6DD8E6341E6F8CA30005A046 /* NewLogin.app */ = {isa = PBXFileReference; explicitFileType = wrapper.application; includeInIndex = 0; path = NewLogin.app; sourceTree = BUILT_PRODUCTS_DIR; };
		6DD8E6371E6F8CA30005A046 /* AppDelegate.swift */ = {isa = PBXFileReference; lastKnownFileType = sourcecode.swift; path = AppDelegate.swift; sourceTree = "<group>"; };
		6DD8E6391E6F8CA30005A046 /* ViewController.swift */ = {isa = PBXFileReference; lastKnownFileType = sourcecode.swift; path = ViewController.swift; sourceTree = "<group>"; };
		6DD8E63C1E6F8CA30005A046 /* Base */ = {isa = PBXFileReference; lastKnownFileType = file.storyboard; name = Base; path = Base.lproj/Main.storyboard; sourceTree = "<group>"; };
		6DD8E63F1E6F8CA30005A046 /* NewLogin.xcdatamodel */ = {isa = PBXFileReference; lastKnownFileType = wrapper.xcdatamodel; path = NewLogin.xcdatamodel; sourceTree = "<group>"; };
		6DD8E6411E6F8CA30005A046 /* Assets.xcassets */ = {isa = PBXFileReference; lastKnownFileType = folder.assetcatalog; path = Assets.xcassets; sourceTree = "<group>"; };
		6DD8E6441E6F8CA30005A046 /* Base */ = {isa = PBXFileReference; lastKnownFileType = file.storyboard; name = Base; path = Base.lproj/LaunchScreen.storyboard; sourceTree = "<group>"; };
		6DD8E6461E6F8CA30005A046 /* Info.plist */ = {isa = PBXFileReference; lastKnownFileType = text.plist.xml; path = Info.plist; sourceTree = "<group>"; };
		6DD8E64C1E6F8DE70005A046 /* GoogleService-Info.plist */ = {isa = PBXFileReference; fileEncoding = 4; lastKnownFileType = text.plist.xml; path = "GoogleService-Info.plist"; sourceTree = "<group>"; };
		6DD8E64E1E7056B60005A046 /* NextScreen.swift */ = {isa = PBXFileReference; fileEncoding = 4; lastKnownFileType = sourcecode.swift; path = NextScreen.swift; sourceTree = "<group>"; };
		746735BA056CB9ED135E7114 /* Pods_NewLogin.framework */ = {isa = PBXFileReference; explicitFileType = wrapper.framework; includeInIndex = 0; path = Pods_NewLogin.framework; sourceTree = BUILT_PRODUCTS_DIR; };
		C607022325AB3C1BA240E882 /* Pods-NewLogin.debug.xcconfig */ = {isa = PBXFileReference; includeInIndex = 1; lastKnownFileType = text.xcconfig; name = "Pods-NewLogin.debug.xcconfig"; path = "Pods/Target Support Files/Pods-NewLogin/Pods-NewLogin.debug.xcconfig"; sourceTree = "<group>"; };
/* End PBXFileReference section */

/* Begin PBXFrameworksBuildPhase section */
		6DD8E6311E6F8CA20005A046 /* Frameworks */ = {
			isa = PBXFrameworksBuildPhase;
			buildActionMask = 2147483647;
			files = (
				7C044DBC6828FFF8994801FE /* Pods_NewLogin.framework in Frameworks */,
			);
			runOnlyForDeploymentPostprocessing = 0;
		};
/* End PBXFrameworksBuildPhase section */

/* Begin PBXGroup section */
		2CEDAF8D5FC5EF7292CB85FA /* Pods */ = {
			isa = PBXGroup;
			children = (
				C607022325AB3C1BA240E882 /* Pods-NewLogin.debug.xcconfig */,
				34E2C26DCA2B37ED4DDBCE8E /* Pods-NewLogin.release.xcconfig */,
			);
			name = Pods;
			sourceTree = "<group>";
		};
		6D248F9E1E720B3200B4C5B9 /* Controller */ = {
			isa = PBXGroup;
			children = (
				6DD8E6391E6F8CA30005A046 /* ViewController.swift */,
				6DD8E64E1E7056B60005A046 /* NextScreen.swift */,
			);
			name = Controller;
			sourceTree = "<group>";
		};
		6DD8E62B1E6F8CA20005A046 = {
			isa = PBXGroup;
			children = (
				6DD8E6361E6F8CA30005A046 /* NewLogin */,
				6DD8E6351E6F8CA30005A046 /* Products */,
				2CEDAF8D5FC5EF7292CB85FA /* Pods */,
				77939ADD71FC2B7D0D935D41 /* Frameworks */,
			);
			sourceTree = "<group>";
		};
		6DD8E6351E6F8CA30005A046 /* Products */ = {
			isa = PBXGroup;
			children = (
				6DD8E6341E6F8CA30005A046 /* NewLogin.app */,
			);
			name = Products;
			sourceTree = "<group>";
		};
		6DD8E6361E6F8CA30005A046 /* NewLogin */ = {
			isa = PBXGroup;
			children = (
				6D5A2C531E73410B002FBE27 /* NewLogin.entitlements */,
				6D248F9E1E720B3200B4C5B9 /* Controller */,
				6DD8E6371E6F8CA30005A046 /* AppDelegate.swift */,
				6DD8E63B1E6F8CA30005A046 /* Main.storyboard */,
				6DD8E6411E6F8CA30005A046 /* Assets.xcassets */,
				6DD8E6431E6F8CA30005A046 /* LaunchScreen.storyboard */,
				6DD8E6461E6F8CA30005A046 /* Info.plist */,
				6DD8E63E1E6F8CA30005A046 /* NewLogin.xcdatamodeld */,
				6DD8E64C1E6F8DE70005A046 /* GoogleService-Info.plist */,
			);
			path = NewLogin;
			sourceTree = "<group>";
		};
		77939ADD71FC2B7D0D935D41 /* Frameworks */ = {
			isa = PBXGroup;
			children = (
				746735BA056CB9ED135E7114 /* Pods_NewLogin.framework */,
			);
			name = Frameworks;
			sourceTree = "<group>";
		};
/* End PBXGroup section */

/* Begin PBXNativeTarget section */
		6DD8E6331E6F8CA20005A046 /* NewLogin */ = {
			isa = PBXNativeTarget;
			buildConfigurationList = 6DD8E6491E6F8CA30005A046 /* Build configuration list for PBXNativeTarget "NewLogin" */;
			buildPhases = (
				3C06A9EEE0D7FA5E29FB5CA9 /* [CP] Check Pods Manifest.lock */,
				6DD8E6301E6F8CA20005A046 /* Sources */,
				6DD8E6311E6F8CA20005A046 /* Frameworks */,
				6DD8E6321E6F8CA20005A046 /* Resources */,
				1DFD188992ACE8BECFDE9920 /* [CP] Embed Pods Frameworks */,
				31D27CDCA19C6283C3DC0E7D /* [CP] Copy Pods Resources */,
				6D5A2C521E72F978002FBE27 /* Google Crash */,
			);
			buildRules = (
			);
			dependencies = (
			);
			name = NewLogin;
			productName = NewLogin;
			productReference = 6DD8E6341E6F8CA30005A046 /* NewLogin.app */;
			productType = "com.apple.product-type.application";
		};
/* End PBXNativeTarget section */

/* Begin PBXProject section */
		6DD8E62C1E6F8CA20005A046 /* Project object */ = {
			isa = PBXProject;
			attributes = {
				LastSwiftUpdateCheck = 0820;
				LastUpgradeCheck = 0820;
				ORGANIZATIONNAME = "Jam Inc";
				TargetAttributes = {
					6DD8E6331E6F8CA20005A046 = {
						CreatedOnToolsVersion = 8.2.1;
						DevelopmentTeam = 5XUW2EJ8TL;
						ProvisioningStyle = Automatic;
						SystemCapabilities = {
							com.apple.Keychain = {
								enabled = 1;
							};
							com.apple.iCloud = {
								enabled = 0;
							};
						};
					};
				};
			};
			buildConfigurationList = 6DD8E62F1E6F8CA20005A046 /* Build configuration list for PBXProject "NewLogin" */;
			compatibilityVersion = "Xcode 3.2";
			developmentRegion = English;
			hasScannedForEncodings = 0;
			knownRegions = (
				en,
				Base,
			);
			mainGroup = 6DD8E62B1E6F8CA20005A046;
			productRefGroup = 6DD8E6351E6F8CA30005A046 /* Products */;
			projectDirPath = "";
			projectRoot = "";
			targets = (
				6DD8E6331E6F8CA20005A046 /* NewLogin */,
			);
		};
/* End PBXProject section */

/* Begin PBXResourcesBuildPhase section */
		6DD8E6321E6F8CA20005A046 /* Resources */ = {
			isa = PBXResourcesBuildPhase;
			buildActionMask = 2147483647;
			files = (
				6DD8E64D1E6F8DE70005A046 /* GoogleService-Info.plist in Resources */,
				6DD8E6451E6F8CA30005A046 /* LaunchScreen.storyboard in Resources */,
				6DD8E6421E6F8CA30005A046 /* Assets.xcassets in Resources */,
				6DD8E63D1E6F8CA30005A046 /* Main.storyboard in Resources */,
			);
			runOnlyForDeploymentPostprocessing = 0;
		};
/* End PBXResourcesBuildPhase section */

/* Begin PBXShellScriptBuildPhase section */
		1DFD188992ACE8BECFDE9920 /* [CP] Embed Pods Frameworks */ = {
			isa = PBXShellScriptBuildPhase;
			buildActionMask = 2147483647;
			files = (
			);
			inputPaths = (
			);
			name = "[CP] Embed Pods Frameworks";
			outputPaths = (
			);
			runOnlyForDeploymentPostprocessing = 0;
			shellPath = /bin/sh;
			shellScript = "\"${SRCROOT}/Pods/Target Support Files/Pods-NewLogin/Pods-NewLogin-frameworks.sh\"\n";
			showEnvVarsInLog = 0;
		};
		31D27CDCA19C6283C3DC0E7D /* [CP] Copy Pods Resources */ = {
			isa = PBXShellScriptBuildPhase;
			buildActionMask = 2147483647;
			files = (
			);
			inputPaths = (
			);
			name = "[CP] Copy Pods Resources";
			outputPaths = (
			);
			runOnlyForDeploymentPostprocessing = 0;
			shellPath = /bin/sh;
			shellScript = "\"${SRCROOT}/Pods/Target Support Files/Pods-NewLogin/Pods-NewLogin-resources.sh\"\n";
			showEnvVarsInLog = 0;
		};
		3C06A9EEE0D7FA5E29FB5CA9 /* [CP] Check Pods Manifest.lock */ = {
			isa = PBXShellScriptBuildPhase;
			buildActionMask = 2147483647;
			files = (
			);
			inputPaths = (
			);
			name = "[CP] Check Pods Manifest.lock";
			outputPaths = (
			);
			runOnlyForDeploymentPostprocessing = 0;
			shellPath = /bin/sh;
			shellScript = "diff \"${PODS_ROOT}/../Podfile.lock\" \"${PODS_ROOT}/Manifest.lock\" > /dev/null\nif [ $? != 0 ] ; then\n    # print error to STDERR\n    echo \"error: The sandbox is not in sync with the Podfile.lock. Run 'pod install' or update your CocoaPods installation.\" >&2\n    exit 1\nfi\n";
			showEnvVarsInLog = 0;
		};
		6D5A2C521E72F978002FBE27 /* Google Crash */ = {
			isa = PBXShellScriptBuildPhase;
			buildActionMask = 2147483647;
			files = (
			);
			inputPaths = (
			);
			name = "Google Crash";
			outputPaths = (
			);
			runOnlyForDeploymentPostprocessing = 0;
			shellPath = /bin/sh;
			shellScript = "# Replace this with the GOOGLE_APP_ID from your GoogleService-Info.plist file\nGOOGLE_APP_ID=1:594978206934:ios:609fb0aee48e01fc\n\n# Replace the /Path/To/ServiceAccount.json with the path to the key you just downloaded\n\"${PODS_ROOT}\"/FirebaseCrash/upload-sym \"${PROJECT_DIR}/Keys/project-4691257502519200955-firebase-crashreporting-udi2g-09675c2c7d.json\"\n";
		};
/* End PBXShellScriptBuildPhase section */

/* Begin PBXSourcesBuildPhase section */
		6DD8E6301E6F8CA20005A046 /* Sources */ = {
			isa = PBXSourcesBuildPhase;
			buildActionMask = 2147483647;
			files = (
				6DD8E63A1E6F8CA30005A046 /* ViewController.swift in Sources */,
				6DD8E6381E6F8CA30005A046 /* AppDelegate.swift in Sources */,
				6DD8E64F1E7056B60005A046 /* NextScreen.swift in Sources */,
				6DD8E6401E6F8CA30005A046 /* NewLogin.xcdatamodeld in Sources */,
			);
			runOnlyForDeploymentPostprocessing = 0;
		};
/* End PBXSourcesBuildPhase section */

/* Begin PBXVariantGroup section */
		6DD8E63B1E6F8CA30005A046 /* Main.storyboard */ = {
			isa = PBXVariantGroup;
			children = (
				6DD8E63C1E6F8CA30005A046 /* Base */,
			);
			name = Main.storyboard;
			sourceTree = "<group>";
		};
		6DD8E6431E6F8CA30005A046 /* LaunchScreen.storyboard */ = {
			isa = PBXVariantGroup;
			children = (
				6DD8E6441E6F8CA30005A046 /* Base */,
			);
			name = LaunchScreen.storyboard;
			sourceTree = "<group>";
		};
/* End PBXVariantGroup section */

/* Begin XCBuildConfiguration section */
		6DD8E6471E6F8CA30005A046 /* Debug */ = {
			isa = XCBuildConfiguration;
			buildSettings = {
				ALWAYS_SEARCH_USER_PATHS = NO;
				CLANG_ANALYZER_NONNULL = YES;
				CLANG_CXX_LANGUAGE_STANDARD = "gnu++0x";
				CLANG_CXX_LIBRARY = "libc++";
				CLANG_ENABLE_MODULES = YES;
				CLANG_ENABLE_OBJC_ARC = YES;
				CLANG_WARN_BOOL_CONVERSION = YES;
				CLANG_WARN_CONSTANT_CONVERSION = YES;
				CLANG_WARN_DIRECT_OBJC_ISA_USAGE = YES_ERROR;
				CLANG_WARN_DOCUMENTATION_COMMENTS = YES;
				CLANG_WARN_EMPTY_BODY = YES;
				CLANG_WARN_ENUM_CONVERSION = YES;
				CLANG_WARN_INFINITE_RECURSION = YES;
				CLANG_WARN_INT_CONVERSION = YES;
				CLANG_WARN_OBJC_ROOT_CLASS = YES_ERROR;
				CLANG_WARN_SUSPICIOUS_MOVE = YES;
				CLANG_WARN_UNREACHABLE_CODE = YES;
				CLANG_WARN__DUPLICATE_METHOD_MATCH = YES;
				"CODE_SIGN_IDENTITY[sdk=iphoneos*]" = "iPhone Developer";
				COPY_PHASE_STRIP = NO;
				DEBUG_INFORMATION_FORMAT = dwarf;
				ENABLE_STRICT_OBJC_MSGSEND = YES;
				ENABLE_TESTABILITY = YES;
				GCC_C_LANGUAGE_STANDARD = gnu99;
				GCC_DYNAMIC_NO_PIC = NO;
				GCC_NO_COMMON_BLOCKS = YES;
				GCC_OPTIMIZATION_LEVEL = 0;
				GCC_PREPROCESSOR_DEFINITIONS = (
					"DEBUG=1",
					"$(inherited)",
				);
				GCC_WARN_64_TO_32_BIT_CONVERSION = YES;
				GCC_WARN_ABOUT_RETURN_TYPE = YES_ERROR;
				GCC_WARN_UNDECLARED_SELECTOR = YES;
				GCC_WARN_UNINITIALIZED_AUTOS = YES_AGGRESSIVE;
				GCC_WARN_UNUSED_FUNCTION = YES;
				GCC_WARN_UNUSED_VARIABLE = YES;
				IPHONEOS_DEPLOYMENT_TARGET = 10.2;
				MTL_ENABLE_DEBUG_INFO = YES;
				ONLY_ACTIVE_ARCH = YES;
				SDKROOT = iphoneos;
				SWIFT_ACTIVE_COMPILATION_CONDITIONS = DEBUG;
				SWIFT_OPTIMIZATION_LEVEL = "-Onone";
				TARGETED_DEVICE_FAMILY = "1,2";
			};
			name = Debug;
		};
		6DD8E6481E6F8CA30005A046 /* Release */ = {
			isa = XCBuildConfiguration;
			buildSettings = {
				ALWAYS_SEARCH_USER_PATHS = NO;
				CLANG_ANALYZER_NONNULL = YES;
				CLANG_CXX_LANGUAGE_STANDARD = "gnu++0x";
				CLANG_CXX_LIBRARY = "libc++";
				CLANG_ENABLE_MODULES = YES;
				CLANG_ENABLE_OBJC_ARC = YES;
				CLANG_WARN_BOOL_CONVERSION = YES;
				CLANG_WARN_CONSTANT_CONVERSION = YES;
				CLANG_WARN_DIRECT_OBJC_ISA_USAGE = YES_ERROR;
				CLANG_WARN_DOCUMENTATION_COMMENTS = YES;
				CLANG_WARN_EMPTY_BODY = YES;
				CLANG_WARN_ENUM_CONVERSION = YES;
				CLANG_WARN_INFINITE_RECURSION = YES;
				CLANG_WARN_INT_CONVERSION = YES;
				CLANG_WARN_OBJC_ROOT_CLASS = YES_ERROR;
				CLANG_WARN_SUSPICIOUS_MOVE = YES;
				CLANG_WARN_UNREACHABLE_CODE = YES;
				CLANG_WARN__DUPLICATE_METHOD_MATCH = YES;
				"CODE_SIGN_IDENTITY[sdk=iphoneos*]" = "iPhone Developer";
				COPY_PHASE_STRIP = NO;
				DEBUG_INFORMATION_FORMAT = "dwarf-with-dsym";
				ENABLE_NS_ASSERTIONS = NO;
				ENABLE_STRICT_OBJC_MSGSEND = YES;
				GCC_C_LANGUAGE_STANDARD = gnu99;
				GCC_NO_COMMON_BLOCKS = YES;
				GCC_WARN_64_TO_32_BIT_CONVERSION = YES;
				GCC_WARN_ABOUT_RETURN_TYPE = YES_ERROR;
				GCC_WARN_UNDECLARED_SELECTOR = YES;
				GCC_WARN_UNINITIALIZED_AUTOS = YES_AGGRESSIVE;
				GCC_WARN_UNUSED_FUNCTION = YES;
				GCC_WARN_UNUSED_VARIABLE = YES;
				IPHONEOS_DEPLOYMENT_TARGET = 10.2;
				MTL_ENABLE_DEBUG_INFO = NO;
				SDKROOT = iphoneos;
				SWIFT_OPTIMIZATION_LEVEL = "-Owholemodule";
				TARGETED_DEVICE_FAMILY = "1,2";
				VALIDATE_PRODUCT = YES;
			};
			name = Release;
		};
		6DD8E64A1E6F8CA30005A046 /* Debug */ = {
			isa = XCBuildConfiguration;
			baseConfigurationReference = C607022325AB3C1BA240E882 /* Pods-NewLogin.debug.xcconfig */;
			buildSettings = {
				ASSETCATALOG_COMPILER_APPICON_NAME = AppIcon;
				CODE_SIGN_ENTITLEMENTS = NewLogin/NewLogin.entitlements;
				DEVELOPMENT_TEAM = 5XUW2EJ8TL;
				INFOPLIST_FILE = NewLogin/Info.plist;
				LD_RUNPATH_SEARCH_PATHS = "$(inherited) @executable_path/Frameworks";
				PRODUCT_BUNDLE_IDENTIFIER = com.Jameel.NewLogin;
				PRODUCT_NAME = "$(TARGET_NAME)";
				SWIFT_VERSION = 3.0;
			};
			name = Debug;
		};
		6DD8E64B1E6F8CA30005A046 /* Release */ = {
			isa = XCBuildConfiguration;
			baseConfigurationReference = 34E2C26DCA2B37ED4DDBCE8E /* Pods-NewLogin.release.xcconfig */;
			buildSettings = {
				ASSETCATALOG_COMPILER_APPICON_NAME = AppIcon;
				CODE_SIGN_ENTITLEMENTS = NewLogin/NewLogin.entitlements;
				DEVELOPMENT_TEAM = 5XUW2EJ8TL;
				INFOPLIST_FILE = NewLogin/Info.plist;
				LD_RUNPATH_SEARCH_PATHS = "$(inherited) @executable_path/Frameworks";
				PRODUCT_BUNDLE_IDENTIFIER = com.Jameel.NewLogin;
				PRODUCT_NAME = "$(TARGET_NAME)";
				SWIFT_VERSION = 3.0;
			};
			name = Release;
		};
/* End XCBuildConfiguration section */

/* Begin XCConfigurationList section */
		6DD8E62F1E6F8CA20005A046 /* Build configuration list for PBXProject "NewLogin" */ = {
			isa = XCConfigurationList;
			buildConfigurations = (
				6DD8E6471E6F8CA30005A046 /* Debug */,
				6DD8E6481E6F8CA30005A046 /* Release */,
			);
			defaultConfigurationIsVisible = 0;
			defaultConfigurationName = Release;
		};
		6DD8E6491E6F8CA30005A046 /* Build configuration list for PBXNativeTarget "NewLogin" */ = {
			isa = XCConfigurationList;
			buildConfigurations = (
				6DD8E64A1E6F8CA30005A046 /* Debug */,
				6DD8E64B1E6F8CA30005A046 /* Release */,
			);
			defaultConfigurationIsVisible = 0;
			defaultConfigurationName = Release;
		};
/* End XCConfigurationList section */

/* Begin XCVersionGroup section */
		6DD8E63E1E6F8CA30005A046 /* NewLogin.xcdatamodeld */ = {
			isa = XCVersionGroup;
			children = (
				6DD8E63F1E6F8CA30005A046 /* NewLogin.xcdatamodel */,
			);
			currentVersion = 6DD8E63F1E6F8CA30005A046 /* NewLogin.xcdatamodel */;
			path = NewLogin.xcdatamodeld;
			sourceTree = "<group>";
			versionGroupType = wrapper.xcdatamodel;
		};
/* End XCVersionGroup section */
	};
	rootObject = 6DD8E62C1E6F8CA20005A046 /* Project object */;
}
